
Microsoft Visual Studio Solution File, Format Version 12.00
# Visual Studio 2013
VisualStudioVersion = 12.0.21005.1
MinimumVisualStudioVersion = 10.0.40219.1
Project("{FAE04EC0-301F-11D3-BF4B-00C04F79EFBC}") = "Utility", "Utility\Utility.csproj", "{9AECF275-C419-48AC-9A4A-BE547191A5EE}"
EndProject
Project("{FAE04EC0-301F-11D3-BF4B-00C04F79EFBC}") = "Entity", "Entity\Entity.csproj", "{AF7044F5-4371-4AE0-B468-FD845851B1D2}"
EndProject
Project("{FAE04EC0-301F-11D3-BF4B-00C04F79EFBC}") = "Dao", "Dao\Dao.csproj", "{6C7EFAE0-C5C3-4E1A-B429-DAEF26E3A649}"
EndProject
Project("{FAE04EC0-301F-11D3-BF4B-00C04F79EFBC}") = "DaoImpl", "DaoImpl\DaoImpl.csproj", "{0C2906D3-F38F-4BD8-9A11-C537892A4F2E}"
EndProject
Project("{FAE04EC0-301F-11D3-BF4B-00C04F79EFBC}") = "Bll", "Bll\Bll.csproj", "{D8BD796D-BDF4-47BB-BEA0-DEC23E588C8B}"
EndProject
Project("{FAE04EC0-301F-11D3-BF4B-00C04F79EFBC}") = "BllImpl", "BllImpl\BllImpl.csproj", "{5DAED41D-27C3-42E1-9AF0-5EBC6E8F415C}"
EndProject
Project("{FAE04EC0-301F-11D3-BF4B-00C04F79EFBC}") = "Manages", "Manages\Manages.csproj", "{FC9D3DD3-0FF8-467F-A335-3B6E629D96B7}"
EndProject
Global
	GlobalSection(SolutionConfigurationPlatforms) = preSolution
		Debug|Any CPU = Debug|Any CPU
		Debug|Mixed Platforms = Debug|Mixed Platforms
		Debug|x86 = Debug|x86
		Release|Any CPU = Release|Any CPU
		Release|Mixed Platforms = Release|Mixed Platforms
		Release|x86 = Release|x86
	EndGlobalSection
	GlobalSection(ProjectConfigurationPlatforms) = postSolution
		{9AECF275-C419-48AC-9A4A-BE547191A5EE}.Debug|Any CPU.ActiveCfg = Debug|Any CPU
		{9AECF275-C419-48AC-9A4A-BE547191A5EE}.Debug|Any CPU.Build.0 = Debug|Any CPU
		{9AECF275-C419-48AC-9A4A-BE547191A5EE}.Debug|Mixed Platforms.ActiveCfg = Debug|Any CPU
		{9AECF275-C419-48AC-9A4A-BE547191A5EE}.Debug|Mixed Platforms.Build.0 = Debug|Any CPU
		{9AECF275-C419-48AC-9A4A-BE547191A5EE}.Debug|x86.ActiveCfg = Debug|Any CPU
		{9AECF275-C419-48AC-9A4A-BE547191A5EE}.Release|Any CPU.ActiveCfg = Release|Any CPU
		{9AECF275-C419-48AC-9A4A-BE547191A5EE}.Release|Any CPU.Build.0 = Release|Any CPU
		{9AECF275-C419-48AC-9A4A-BE547191A5EE}.Release|Mixed Platforms.ActiveCfg = Release|Any CPU
		{9AECF275-C419-48AC-9A4A-BE547191A5EE}.Release|Mixed Platforms.Build.0 = Release|Any CPU
		{9AECF275-C419-48AC-9A4A-BE547191A5EE}.Release|x86.ActiveCfg = Release|Any CPU
		{AF7044F5-4371-4AE0-B468-FD845851B1D2}.Debug|Any CPU.ActiveCfg = Debug|Any CPU
		{AF7044F5-4371-4AE0-B468-FD845851B1D2}.Debug|Any CPU.Build.0 = Debug|Any CPU
		{AF7044F5-4371-4AE0-B468-FD845851B1D2}.Debug|Mixed Platforms.ActiveCfg = Debug|Any CPU
		{AF7044F5-4371-4AE0-B468-FD845851B1D2}.Debug|Mixed Platforms.Build.0 = Debug|Any CPU
		{AF7044F5-4371-4AE0-B468-FD845851B1D2}.Debug|x86.ActiveCfg = Debug|Any CPU
		{AF7044F5-4371-4AE0-B468-FD845851B1D2}.Release|Any CPU.ActiveCfg = Release|Any CPU
		{AF7044F5-4371-4AE0-B468-FD845851B1D2}.Release|Any CPU.Build.0 = Release|Any CPU
		{AF7044F5-4371-4AE0-B468-FD845851B1D2}.Release|Mixed Platforms.ActiveCfg = Release|Any CPU
		{AF7044F5-4371-4AE0-B468-FD845851B1D2}.Release|Mixed Platforms.Build.0 = Release|Any CPU
		{AF7044F5-4371-4AE0-B468-FD845851B1D2}.Release|x86.ActiveCfg = Release|Any CPU
		{6C7EFAE0-C5C3-4E1A-B429-DAEF26E3A649}.Debug|Any CPU.ActiveCfg = Debug|Any CPU
		{6C7EFAE0-C5C3-4E1A-B429-DAEF26E3A649}.Debug|Any CPU.Build.0 = Debug|Any CPU
		{6C7EFAE0-C5C3-4E1A-B429-DAEF26E3A649}.Debug|Mixed Platforms.ActiveCfg = Debug|Any CPU
		{6C7EFAE0-C5C3-4E1A-B429-DAEF26E3A649}.Debug|Mixed Platforms.Build.0 = Debug|Any CPU
		{6C7EFAE0-C5C3-4E1A-B429-DAEF26E3A649}.Debug|x86.ActiveCfg = Debug|Any CPU
		{6C7EFAE0-C5C3-4E1A-B429-DAEF26E3A649}.Release|Any CPU.ActiveCfg = Release|Any CPU
		{6C7EFAE0-C5C3-4E1A-B429-DAEF26E3A649}.Release|Any CPU.Build.0 = Release|Any CPU
		{6C7EFAE0-C5C3-4E1A-B429-DAEF26E3A649}.Release|Mixed Platforms.ActiveCfg = Release|Any CPU
		{6C7EFAE0-C5C3-4E1A-B429-DAEF26E3A649}.Release|Mixed Platforms.Build.0 = Release|Any CPU
		{6C7EFAE0-C5C3-4E1A-B429-DAEF26E3A649}.Release|x86.ActiveCfg = Release|Any CPU
		{0C2906D3-F38F-4BD8-9A11-C537892A4F2E}.Debug|Any CPU.ActiveCfg = Debug|Any CPU
		{0C2906D3-F38F-4BD8-9A11-C537892A4F2E}.Debug|Any CPU.Build.0 = Debug|Any CPU
		{0C2906D3-F38F-4BD8-9A11-C537892A4F2E}.Debug|Mixed Platforms.ActiveCfg = Debug|Any CPU
		{0C2906D3-F38F-4BD8-9A11-C537892A4F2E}.Debug|Mixed Platforms.Build.0 = Debug|Any CPU
		{0C2906D3-F38F-4BD8-9A11-C537892A4F2E}.Debug|x86.ActiveCfg = Debug|Any CPU
		{0C2906D3-F38F-4BD8-9A11-C537892A4F2E}.Release|Any CPU.ActiveCfg = Release|Any CPU
		{0C2906D3-F38F-4BD8-9A11-C537892A4F2E}.Release|Any CPU.Build.0 = Release|Any CPU
		{0C2906D3-F38F-4BD8-9A11-C537892A4F2E}.Release|Mixed Platforms.ActiveCfg = Release|Any CPU
		{0C2906D3-F38F-4BD8-9A11-C537892A4F2E}.Release|Mixed Platforms.Build.0 = Release|Any CPU
		{0C2906D3-F38F-4BD8-9A11-C537892A4F2E}.Release|x86.ActiveCfg = Release|Any CPU
		{D8BD796D-BDF4-47BB-BEA0-DEC23E588C8B}.Debug|Any CPU.ActiveCfg = Debug|Any CPU
		{D8BD796D-BDF4-47BB-BEA0-DEC23E588C8B}.Debug|Any CPU.Build.0 = Debug|Any CPU
		{D8BD796D-BDF4-47BB-BEA0-DEC23E588C8B}.Debug|Mixed Platforms.ActiveCfg = Debug|Any CPU
		{D8BD796D-BDF4-47BB-BEA0-DEC23E588C8B}.Debug|Mixed Platforms.Build.0 = Debug|Any CPU
		{D8BD796D-BDF4-47BB-BEA0-DEC23E588C8B}.Debug|Mixed Platforms.Deploy.0 = Debug|Any CPU
		{D8BD796D-BDF4-47BB-BEA0-DEC23E588C8B}.Debug|x86.ActiveCfg = Debug|Any CPU
		{D8BD796D-BDF4-47BB-BEA0-DEC23E588C8B}.Release|Any CPU.ActiveCfg = Release|Any CPU
		{D8BD796D-BDF4-47BB-BEA0-DEC23E588C8B}.Release|Any CPU.Build.0 = Release|Any CPU
		{D8BD796D-BDF4-47BB-BEA0-DEC23E588C8B}.Release|Mixed Platforms.ActiveCfg = Release|Any CPU
		{D8BD796D-BDF4-47BB-BEA0-DEC23E588C8B}.Release|Mixed Platforms.Build.0 = Release|Any CPU
		{D8BD796D-BDF4-47BB-BEA0-DEC23E588C8B}.Release|x86.ActiveCfg = Release|Any CPU
		{5DAED41D-27C3-42E1-9AF0-5EBC6E8F415C}.Debug|Any CPU.ActiveCfg = Debug|Any CPU
		{5DAED41D-27C3-42E1-9AF0-5EBC6E8F415C}.Debug|Any CPU.Build.0 = Debug|Any CPU
		{5DAED41D-27C3-42E1-9AF0-5EBC6E8F415C}.Debug|Mixed Platforms.ActiveCfg = Debug|Any CPU
		{5DAED41D-27C3-42E1-9AF0-5EBC6E8F415C}.Debug|Mixed Platforms.Build.0 = Debug|Any CPU
		{5DAED41D-27C3-42E1-9AF0-5EBC6E8F415C}.Debug|x86.ActiveCfg = Debug|Any CPU
		{5DAED41D-27C3-42E1-9AF0-5EBC6E8F415C}.Release|Any CPU.ActiveCfg = Release|Any CPU
		{5DAED41D-27C3-42E1-9AF0-5EBC6E8F415C}.Release|Any CPU.Build.0 = Release|Any CPU
		{5DAED41D-27C3-42E1-9AF0-5EBC6E8F415C}.Release|Mixed Platforms.ActiveCfg = Release|Any CPU
		{5DAED41D-27C3-42E1-9AF0-5EBC6E8F415C}.Release|Mixed Platforms.Build.0 = Release|Any CPU
		{5DAED41D-27C3-42E1-9AF0-5EBC6E8F415C}.Release|x86.ActiveCfg = Release|Any CPU
		{FC9D3DD3-0FF8-467F-A335-3B6E629D96B7}.Debug|Any CPU.ActiveCfg = Debug|Any CPU
		{FC9D3DD3-0FF8-467F-A335-3B6E629D96B7}.Debug|Any CPU.Build.0 = Debug|Any CPU
		{FC9D3DD3-0FF8-467F-A335-3B6E629D96B7}.Debug|Mixed Platforms.ActiveCfg = Debug|Any CPU
		{FC9D3DD3-0FF8-467F-A335-3B6E629D96B7}.Debug|Mixed Platforms.Build.0 = Debug|Any CPU
		{FC9D3DD3-0FF8-467F-A335-3B6E629D96B7}.Debug|x86.ActiveCfg = Debug|Any CPU
		{FC9D3DD3-0FF8-467F-A335-3B6E629D96B7}.Release|Any CPU.ActiveCfg = Release|Any CPU
		{FC9D3DD3-0FF8-467F-A335-3B6E629D96B7}.Release|Any CPU.Build.0 = Release|Any CPU
		{FC9D3DD3-0FF8-467F-A335-3B6E629D96B7}.Release|Mixed Platforms.ActiveCfg = Release|Any CPU
		{FC9D3DD3-0FF8-467F-A335-3B6E629D96B7}.Release|Mixed Platforms.Build.0 = Release|Any CPU
		{FC9D3DD3-0FF8-467F-A335-3B6E629D96B7}.Release|x86.ActiveCfg = Release|Any CPU
	EndGlobalSection
	GlobalSection(SolutionProperties) = preSolution
		HideSolutionNode = FALSE
	EndGlobalSection
EndGlobal
